// !$*UTF8*$!
{
	archiveVersion = 1;
	classes = {
	};
	objectVersion = 55;
	objects = {

/* Begin PBXBuildFile section */
		3917255C2813D09B00EDAAC1 /* RssParser.m in Sources */ = {isa = PBXBuildFile; fileRef = 3917255B2813D09B00EDAAC1 /* RssParser.m */; };
		391725662813DFA100EDAAC1 /* Podcast.m in Sources */ = {isa = PBXBuildFile; fileRef = 391725652813DFA100EDAAC1 /* Podcast.m */; };
		3917256D2813E39800EDAAC1 /* Episode.m in Sources */ = {isa = PBXBuildFile; fileRef = 3917256C2813E39800EDAAC1 /* Episode.m */; };
		397C14B2280BF36200D48E9D /* AppDelegate.swift in Sources */ = {isa = PBXBuildFile; fileRef = 397C14B1280BF36200D48E9D /* AppDelegate.swift */; };
		397C14B4280BF36200D48E9D /* SceneDelegate.swift in Sources */ = {isa = PBXBuildFile; fileRef = 397C14B3280BF36200D48E9D /* SceneDelegate.swift */; };
		397C14B6280BF36200D48E9D /* HomeViewController.swift in Sources */ = {isa = PBXBuildFile; fileRef = 397C14B5280BF36200D48E9D /* HomeViewController.swift */; };
		397C14B9280BF36200D48E9D /* Main.storyboard in Resources */ = {isa = PBXBuildFile; fileRef = 397C14B7280BF36200D48E9D /* Main.storyboard */; };
		397C14BB280BF36600D48E9D /* Assets.xcassets in Resources */ = {isa = PBXBuildFile; fileRef = 397C14BA280BF36600D48E9D /* Assets.xcassets */; };
		397C14BE280BF36600D48E9D /* LaunchScreen.storyboard in Resources */ = {isa = PBXBuildFile; fileRef = 397C14BC280BF36600D48E9D /* LaunchScreen.storyboard */; };
		397C1512280E680800D48E9D /* HomeViewModel.swift in Sources */ = {isa = PBXBuildFile; fileRef = 397C1511280E680800D48E9D /* HomeViewModel.swift */; };
		397C1514280EB50400D48E9D /* HomeTableViewCell.swift in Sources */ = {isa = PBXBuildFile; fileRef = 397C1513280EB50400D48E9D /* HomeTableViewCell.swift */; };
		397C1517280EB6EA00D48E9D /* UIFont+Extension.swift in Sources */ = {isa = PBXBuildFile; fileRef = 397C1516280EB6EA00D48E9D /* UIFont+Extension.swift */; };
		397C151A280EE3F800D48E9D /* KingFisherWrapper.swift in Sources */ = {isa = PBXBuildFile; fileRef = 397C1519280EE3F800D48E9D /* KingFisherWrapper.swift */; };
		397C154D280FB09A00D48E9D /* EpisodeViewController.swift in Sources */ = {isa = PBXBuildFile; fileRef = 397C154C280FB09A00D48E9D /* EpisodeViewController.swift */; };
		397C154F280FEAEA00D48E9D /* EpisodeViewModel.swift in Sources */ = {isa = PBXBuildFile; fileRef = 397C154E280FEAEA00D48E9D /* EpisodeViewModel.swift */; };
		397C1551280FFEFB00D48E9D /* PlayerViewController.swift in Sources */ = {isa = PBXBuildFile; fileRef = 397C1550280FFEFB00D48E9D /* PlayerViewController.swift */; };
		39A94EDD2810178700CECF69 /* PlayerViewModel.swift in Sources */ = {isa = PBXBuildFile; fileRef = 39A94EDC2810178700CECF69 /* PlayerViewModel.swift */; };
		A75B51194B16A2660EEE0519 /* Pods_Podcast.framework in Frameworks */ = {isa = PBXBuildFile; fileRef = 131D87ACFB704A868D0660F4 /* Pods_Podcast.framework */; };
/* End PBXBuildFile section */

/* Begin PBXFileReference section */
		131D87ACFB704A868D0660F4 /* Pods_Podcast.framework */ = {isa = PBXFileReference; explicitFileType = wrapper.framework; includeInIndex = 0; path = Pods_Podcast.framework; sourceTree = BUILT_PRODUCTS_DIR; };
		3917255A2813D09B00EDAAC1 /* RssParser.h */ = {isa = PBXFileReference; lastKnownFileType = sourcecode.c.h; path = RssParser.h; sourceTree = "<group>"; };
		3917255B2813D09B00EDAAC1 /* RssParser.m */ = {isa = PBXFileReference; lastKnownFileType = sourcecode.c.objc; path = RssParser.m; sourceTree = "<group>"; };
		391725632813D26A00EDAAC1 /* Podcast-Bridging-Header.h */ = {isa = PBXFileReference; fileEncoding = 4; lastKnownFileType = sourcecode.c.h; path = "Podcast-Bridging-Header.h"; sourceTree = "<group>"; };
		391725642813DFA100EDAAC1 /* Podcast.h */ = {isa = PBXFileReference; lastKnownFileType = sourcecode.c.h; path = Podcast.h; sourceTree = "<group>"; };
		391725652813DFA100EDAAC1 /* Podcast.m */ = {isa = PBXFileReference; lastKnownFileType = sourcecode.c.objc; path = Podcast.m; sourceTree = "<group>"; };
		3917256B2813E39800EDAAC1 /* Episode.h */ = {isa = PBXFileReference; lastKnownFileType = sourcecode.c.h; path = Episode.h; sourceTree = "<group>"; };
		3917256C2813E39800EDAAC1 /* Episode.m */ = {isa = PBXFileReference; lastKnownFileType = sourcecode.c.objc; path = Episode.m; sourceTree = "<group>"; };
		397C14AE280BF36200D48E9D /* Podcast.app */ = {isa = PBXFileReference; explicitFileType = wrapper.application; includeInIndex = 0; path = Podcast.app; sourceTree = BUILT_PRODUCTS_DIR; };
		397C14B1280BF36200D48E9D /* AppDelegate.swift */ = {isa = PBXFileReference; lastKnownFileType = sourcecode.swift; path = AppDelegate.swift; sourceTree = "<group>"; };
		397C14B3280BF36200D48E9D /* SceneDelegate.swift */ = {isa = PBXFileReference; lastKnownFileType = sourcecode.swift; path = SceneDelegate.swift; sourceTree = "<group>"; };
		397C14B5280BF36200D48E9D /* HomeViewController.swift */ = {isa = PBXFileReference; lastKnownFileType = sourcecode.swift; path = HomeViewController.swift; sourceTree = "<group>"; };
		397C14B8280BF36200D48E9D /* Base */ = {isa = PBXFileReference; lastKnownFileType = file.storyboard; name = Base; path = Base.lproj/Main.storyboard; sourceTree = "<group>"; };
		397C14BA280BF36600D48E9D /* Assets.xcassets */ = {isa = PBXFileReference; lastKnownFileType = folder.assetcatalog; path = Assets.xcassets; sourceTree = "<group>"; };
		397C14BD280BF36600D48E9D /* Base */ = {isa = PBXFileReference; lastKnownFileType = file.storyboard; name = Base; path = Base.lproj/LaunchScreen.storyboard; sourceTree = "<group>"; };
		397C14BF280BF36600D48E9D /* Info.plist */ = {isa = PBXFileReference; lastKnownFileType = text.plist.xml; path = Info.plist; sourceTree = "<group>"; };
		397C1511280E680800D48E9D /* HomeViewModel.swift */ = {isa = PBXFileReference; lastKnownFileType = sourcecode.swift; path = HomeViewModel.swift; sourceTree = "<group>"; };
		397C1513280EB50400D48E9D /* HomeTableViewCell.swift */ = {isa = PBXFileReference; lastKnownFileType = sourcecode.swift; path = HomeTableViewCell.swift; sourceTree = "<group>"; };
		397C1516280EB6EA00D48E9D /* UIFont+Extension.swift */ = {isa = PBXFileReference; lastKnownFileType = sourcecode.swift; path = "UIFont+Extension.swift"; sourceTree = "<group>"; };
		397C1519280EE3F800D48E9D /* KingFisherWrapper.swift */ = {isa = PBXFileReference; lastKnownFileType = sourcecode.swift; path = KingFisherWrapper.swift; sourceTree = "<group>"; };
		397C154C280FB09A00D48E9D /* EpisodeViewController.swift */ = {isa = PBXFileReference; lastKnownFileType = sourcecode.swift; path = EpisodeViewController.swift; sourceTree = "<group>"; };
		397C154E280FEAEA00D48E9D /* EpisodeViewModel.swift */ = {isa = PBXFileReference; lastKnownFileType = sourcecode.swift; path = EpisodeViewModel.swift; sourceTree = "<group>"; };
		397C1550280FFEFB00D48E9D /* PlayerViewController.swift */ = {isa = PBXFileReference; lastKnownFileType = sourcecode.swift; path = PlayerViewController.swift; sourceTree = "<group>"; };
		39A94EDC2810178700CECF69 /* PlayerViewModel.swift */ = {isa = PBXFileReference; lastKnownFileType = sourcecode.swift; path = PlayerViewModel.swift; sourceTree = "<group>"; };
		952DA582B6E09C990BE5047A /* Pods-Podcast.debug.xcconfig */ = {isa = PBXFileReference; includeInIndex = 1; lastKnownFileType = text.xcconfig; name = "Pods-Podcast.debug.xcconfig"; path = "Target Support Files/Pods-Podcast/Pods-Podcast.debug.xcconfig"; sourceTree = "<group>"; };
		C8F580FE61826708D25F2376 /* Pods-Podcast.release.xcconfig */ = {isa = PBXFileReference; includeInIndex = 1; lastKnownFileType = text.xcconfig; name = "Pods-Podcast.release.xcconfig"; path = "Target Support Files/Pods-Podcast/Pods-Podcast.release.xcconfig"; sourceTree = "<group>"; };
/* End PBXFileReference section */

/* Begin PBXFrameworksBuildPhase section */
		397C14AB280BF36200D48E9D /* Frameworks */ = {
			isa = PBXFrameworksBuildPhase;
			buildActionMask = 2147483647;
			files = (
				A75B51194B16A2660EEE0519 /* Pods_Podcast.framework in Frameworks */,
			);
			runOnlyForDeploymentPostprocessing = 0;
		};
/* End PBXFrameworksBuildPhase section */

/* Begin PBXGroup section */
		397C14A5280BF36200D48E9D = {
			isa = PBXGroup;
			children = (
				397C14B0280BF36200D48E9D /* Podcast */,
				397C14AF280BF36200D48E9D /* Products */,
				D4A226C9E83BA033465479CA /* Pods */,
				D605785C575C1BAC3F21669A /* Frameworks */,
			);
			sourceTree = "<group>";
		};
		397C14AF280BF36200D48E9D /* Products */ = {
			isa = PBXGroup;
			children = (
				397C14AE280BF36200D48E9D /* Podcast.app */,
			);
			name = Products;
			sourceTree = "<group>";
		};
		397C14B0280BF36200D48E9D /* Podcast */ = {
			isa = PBXGroup;
			children = (
				397C1518280EE3D500D48E9D /* ThirdPartyWrapper */,
				397C1515280EB6D100D48E9D /* Extension */,
				397C14BF280BF36600D48E9D /* Info.plist */,
				397C14C9280BFC0D00D48E9D /* ViewModel */,
				397C14C8280BFBF800D48E9D /* View */,
				397C14C6280BFBE600D48E9D /* Controller */,
				397C14C7280BFBF000D48E9D /* Model */,
				397C14C5280BFB8D00D48E9D /* Sources */,
			);
			path = Podcast;
			sourceTree = "<group>";
		};
		397C14C5280BFB8D00D48E9D /* Sources */ = {
			isa = PBXGroup;
			children = (
				397C14B1280BF36200D48E9D /* AppDelegate.swift */,
				397C14B3280BF36200D48E9D /* SceneDelegate.swift */,
				397C14B7280BF36200D48E9D /* Main.storyboard */,
				397C14BA280BF36600D48E9D /* Assets.xcassets */,
				397C14BC280BF36600D48E9D /* LaunchScreen.storyboard */,
			);
			path = Sources;
			sourceTree = "<group>";
		};
		397C14C6280BFBE600D48E9D /* Controller */ = {
			isa = PBXGroup;
			children = (
				397C14B5280BF36200D48E9D /* HomeViewController.swift */,
				397C154C280FB09A00D48E9D /* EpisodeViewController.swift */,
				397C1550280FFEFB00D48E9D /* PlayerViewController.swift */,
			);
			path = Controller;
			sourceTree = "<group>";
		};
		397C14C7280BFBF000D48E9D /* Model */ = {
			isa = PBXGroup;
			children = (
				3917255A2813D09B00EDAAC1 /* RssParser.h */,
				3917255B2813D09B00EDAAC1 /* RssParser.m */,
				391725642813DFA100EDAAC1 /* Podcast.h */,
				391725652813DFA100EDAAC1 /* Podcast.m */,
				3917256B2813E39800EDAAC1 /* Episode.h */,
				3917256C2813E39800EDAAC1 /* Episode.m */,
				391725632813D26A00EDAAC1 /* Podcast-Bridging-Header.h */,
			);
			path = Model;
			sourceTree = "<group>";
		};
		397C14C8280BFBF800D48E9D /* View */ = {
			isa = PBXGroup;
			children = (
				397C1513280EB50400D48E9D /* HomeTableViewCell.swift */,
			);
			path = View;
			sourceTree = "<group>";
		};
		397C14C9280BFC0D00D48E9D /* ViewModel */ = {
			isa = PBXGroup;
			children = (
				397C1511280E680800D48E9D /* HomeViewModel.swift */,
				397C154E280FEAEA00D48E9D /* EpisodeViewModel.swift */,
				39A94EDC2810178700CECF69 /* PlayerViewModel.swift */,
			);
			path = ViewModel;
			sourceTree = "<group>";
		};
		397C1515280EB6D100D48E9D /* Extension */ = {
			isa = PBXGroup;
			children = (
				397C1516280EB6EA00D48E9D /* UIFont+Extension.swift */,
			);
			path = Extension;
			sourceTree = "<group>";
		};
		397C1518280EE3D500D48E9D /* ThirdPartyWrapper */ = {
			isa = PBXGroup;
			children = (
				397C1519280EE3F800D48E9D /* KingFisherWrapper.swift */,
			);
			path = ThirdPartyWrapper;
			sourceTree = "<group>";
		};
		D4A226C9E83BA033465479CA /* Pods */ = {
			isa = PBXGroup;
			children = (
				952DA582B6E09C990BE5047A /* Pods-Podcast.debug.xcconfig */,
				C8F580FE61826708D25F2376 /* Pods-Podcast.release.xcconfig */,
			);
			path = Pods;
			sourceTree = "<group>";
		};
		D605785C575C1BAC3F21669A /* Frameworks */ = {
			isa = PBXGroup;
			children = (
				131D87ACFB704A868D0660F4 /* Pods_Podcast.framework */,
			);
			name = Frameworks;
			sourceTree = "<group>";
		};
/* End PBXGroup section */

/* Begin PBXNativeTarget section */
		397C14AD280BF36200D48E9D /* Podcast */ = {
			isa = PBXNativeTarget;
			buildConfigurationList = 397C14C2280BF36600D48E9D /* Build configuration list for PBXNativeTarget "Podcast" */;
			buildPhases = (
				744BA3BE36A5D36C6B60E855 /* [CP] Check Pods Manifest.lock */,
				397C14AA280BF36200D48E9D /* Sources */,
				397C14AB280BF36200D48E9D /* Frameworks */,
				397C14AC280BF36200D48E9D /* Resources */,
				645FEF8C90F44F5413EA10C1 /* [CP] Embed Pods Frameworks */,
			);
			buildRules = (
			);
			dependencies = (
			);
			name = Podcast;
			productName = Podcast;
			productReference = 397C14AE280BF36200D48E9D /* Podcast.app */;
			productType = "com.apple.product-type.application";
		};
/* End PBXNativeTarget section */

/* Begin PBXProject section */
		397C14A6280BF36200D48E9D /* Project object */ = {
			isa = PBXProject;
			attributes = {
				BuildIndependentTargetsInParallel = 1;
				LastSwiftUpdateCheck = 1300;
				LastUpgradeCheck = 1300;
				TargetAttributes = {
					397C14AD280BF36200D48E9D = {
						CreatedOnToolsVersion = 13.0;
						LastSwiftMigration = 1300;
					};
				};
			};
			buildConfigurationList = 397C14A9280BF36200D48E9D /* Build configuration list for PBXProject "Podcast" */;
			compatibilityVersion = "Xcode 13.0";
			developmentRegion = en;
			hasScannedForEncodings = 0;
			knownRegions = (
				en,
				Base,
			);
			mainGroup = 397C14A5280BF36200D48E9D;
			productRefGroup = 397C14AF280BF36200D48E9D /* Products */;
			projectDirPath = "";
			projectRoot = "";
			targets = (
				397C14AD280BF36200D48E9D /* Podcast */,
			);
		};
/* End PBXProject section */

/* Begin PBXResourcesBuildPhase section */
		397C14AC280BF36200D48E9D /* Resources */ = {
			isa = PBXResourcesBuildPhase;
			buildActionMask = 2147483647;
			files = (
				397C14BE280BF36600D48E9D /* LaunchScreen.storyboard in Resources */,
				397C14BB280BF36600D48E9D /* Assets.xcassets in Resources */,
				397C14B9280BF36200D48E9D /* Main.storyboard in Resources */,
			);
			runOnlyForDeploymentPostprocessing = 0;
		};
/* End PBXResourcesBuildPhase section */

/* Begin PBXShellScriptBuildPhase section */
		645FEF8C90F44F5413EA10C1 /* [CP] Embed Pods Frameworks */ = {
			isa = PBXShellScriptBuildPhase;
			buildActionMask = 2147483647;
			files = (
			);
			inputFileListPaths = (
				"${PODS_ROOT}/Target Support Files/Pods-Podcast/Pods-Podcast-frameworks-${CONFIGURATION}-input-files.xcfilelist",
			);
			name = "[CP] Embed Pods Frameworks";
			outputFileListPaths = (
				"${PODS_ROOT}/Target Support Files/Pods-Podcast/Pods-Podcast-frameworks-${CONFIGURATION}-output-files.xcfilelist",
			);
			runOnlyForDeploymentPostprocessing = 0;
			shellPath = /bin/sh;
			shellScript = "\"${PODS_ROOT}/Target Support Files/Pods-Podcast/Pods-Podcast-frameworks.sh\"\n";
			showEnvVarsInLog = 0;
		};
		744BA3BE36A5D36C6B60E855 /* [CP] Check Pods Manifest.lock */ = {
			isa = PBXShellScriptBuildPhase;
			buildActionMask = 2147483647;
			files = (
			);
			inputFileListPaths = (
			);
			inputPaths = (
				"${PODS_PODFILE_DIR_PATH}/Podfile.lock",
				"${PODS_ROOT}/Manifest.lock",
			);
			name = "[CP] Check Pods Manifest.lock";
			outputFileListPaths = (
			);
			outputPaths = (
				"$(DERIVED_FILE_DIR)/Pods-Podcast-checkManifestLockResult.txt",
			);
			runOnlyForDeploymentPostprocessing = 0;
			shellPath = /bin/sh;
			shellScript = "diff \"${PODS_PODFILE_DIR_PATH}/Podfile.lock\" \"${PODS_ROOT}/Manifest.lock\" > /dev/null\nif [ $? != 0 ] ; then\n    # print error to STDERR\n    echo \"error: The sandbox is not in sync with the Podfile.lock. Run 'pod install' or update your CocoaPods installation.\" >&2\n    exit 1\nfi\n# This output is used by Xcode 'outputs' to avoid re-running this script phase.\necho \"SUCCESS\" > \"${SCRIPT_OUTPUT_FILE_0}\"\n";
			showEnvVarsInLog = 0;
		};
/* End PBXShellScriptBuildPhase section */

/* Begin PBXSourcesBuildPhase section */
		397C14AA280BF36200D48E9D /* Sources */ = {
			isa = PBXSourcesBuildPhase;
			buildActionMask = 2147483647;
			files = (
				391725662813DFA100EDAAC1 /* Podcast.m in Sources */,
				397C1512280E680800D48E9D /* HomeViewModel.swift in Sources */,
				397C1514280EB50400D48E9D /* HomeTableViewCell.swift in Sources */,
				397C154F280FEAEA00D48E9D /* EpisodeViewModel.swift in Sources */,
				397C151A280EE3F800D48E9D /* KingFisherWrapper.swift in Sources */,
				39A94EDD2810178700CECF69 /* PlayerViewModel.swift in Sources */,
				397C1551280FFEFB00D48E9D /* PlayerViewController.swift in Sources */,
				397C154D280FB09A00D48E9D /* EpisodeViewController.swift in Sources */,
				397C14B6280BF36200D48E9D /* HomeViewController.swift in Sources */,
				397C14B2280BF36200D48E9D /* AppDelegate.swift in Sources */,
				397C1517280EB6EA00D48E9D /* UIFont+Extension.swift in Sources */,
				3917256D2813E39800EDAAC1 /* Episode.m in Sources */,
				397C14B4280BF36200D48E9D /* SceneDelegate.swift in Sources */,
				3917255C2813D09B00EDAAC1 /* RssParser.m in Sources */,
			);
			runOnlyForDeploymentPostprocessing = 0;
		};
/* End PBXSourcesBuildPhase section */

/* Begin PBXVariantGroup section */
		397C14B7280BF36200D48E9D /* Main.storyboard */ = {
			isa = PBXVariantGroup;
			children = (
				397C14B8280BF36200D48E9D /* Base */,
			);
			name = Main.storyboard;
			sourceTree = "<group>";
		};
		397C14BC280BF36600D48E9D /* LaunchScreen.storyboard */ = {
			isa = PBXVariantGroup;
			children = (
				397C14BD280BF36600D48E9D /* Base */,
			);
			name = LaunchScreen.storyboard;
			sourceTree = "<group>";
		};
/* End PBXVariantGroup section */

/* Begin XCBuildConfiguration section */
		397C14C0280BF36600D48E9D /* Debug */ = {
			isa = XCBuildConfiguration;
			buildSettings = {
				ALWAYS_SEARCH_USER_PATHS = NO;
				CLANG_ANALYZER_NONNULL = YES;
				CLANG_ANALYZER_NUMBER_OBJECT_CONVERSION = YES_AGGRESSIVE;
				CLANG_CXX_LANGUAGE_STANDARD = "gnu++17";
				CLANG_CXX_LIBRARY = "libc++";
				CLANG_ENABLE_MODULES = YES;
				CLANG_ENABLE_OBJC_ARC = YES;
				CLANG_ENABLE_OBJC_WEAK = YES;
				CLANG_WARN_BLOCK_CAPTURE_AUTORELEASING = YES;
				CLANG_WARN_BOOL_CONVERSION = YES;
				CLANG_WARN_COMMA = YES;
				CLANG_WARN_CONSTANT_CONVERSION = YES;
				CLANG_WARN_DEPRECATED_OBJC_IMPLEMENTATIONS = YES;
				CLANG_WARN_DIRECT_OBJC_ISA_USAGE = YES_ERROR;
				CLANG_WARN_DOCUMENTATION_COMMENTS = YES;
				CLANG_WARN_EMPTY_BODY = YES;
				CLANG_WARN_ENUM_CONVERSION = YES;
				CLANG_WARN_INFINITE_RECURSION = YES;
				CLANG_WARN_INT_CONVERSION = YES;
				CLANG_WARN_NON_LITERAL_NULL_CONVERSION = YES;
				CLANG_WARN_OBJC_IMPLICIT_RETAIN_SELF = YES;
				CLANG_WARN_OBJC_LITERAL_CONVERSION = YES;
				CLANG_WARN_OBJC_ROOT_CLASS = YES_ERROR;
				CLANG_WARN_QUOTED_INCLUDE_IN_FRAMEWORK_HEADER = YES;
				CLANG_WARN_RANGE_LOOP_ANALYSIS = YES;
				CLANG_WARN_STRICT_PROTOTYPES = YES;
				CLANG_WARN_SUSPICIOUS_MOVE = YES;
				CLANG_WARN_UNGUARDED_AVAILABILITY = YES_AGGRESSIVE;
				CLANG_WARN_UNREACHABLE_CODE = YES;
				CLANG_WARN__DUPLICATE_METHOD_MATCH = YES;
				COPY_PHASE_STRIP = NO;
				DEBUG_INFORMATION_FORMAT = dwarf;
				ENABLE_STRICT_OBJC_MSGSEND = YES;
				ENABLE_TESTABILITY = YES;
				GCC_C_LANGUAGE_STANDARD = gnu11;
				GCC_DYNAMIC_NO_PIC = NO;
				GCC_NO_COMMON_BLOCKS = YES;
				GCC_OPTIMIZATION_LEVEL = 0;
				GCC_PREPROCESSOR_DEFINITIONS = (
					"DEBUG=1",
					"$(inherited)",
				);
				GCC_WARN_64_TO_32_BIT_CONVERSION = YES;
				GCC_WARN_ABOUT_RETURN_TYPE = YES_ERROR;
				GCC_WARN_UNDECLARED_SELECTOR = YES;
				GCC_WARN_UNINITIALIZED_AUTOS = YES_AGGRESSIVE;
				GCC_WARN_UNUSED_FUNCTION = YES;
				GCC_WARN_UNUSED_VARIABLE = YES;
				IPHONEOS_DEPLOYMENT_TARGET = 15.0;
				MTL_ENABLE_DEBUG_INFO = INCLUDE_SOURCE;
				MTL_FAST_MATH = YES;
				ONLY_ACTIVE_ARCH = YES;
				SDKROOT = iphoneos;
				SWIFT_ACTIVE_COMPILATION_CONDITIONS = DEBUG;
				SWIFT_OPTIMIZATION_LEVEL = "-Onone";
			};
			name = Debug;
		};
		397C14C1280BF36600D48E9D /* Release */ = {
			isa = XCBuildConfiguration;
			buildSettings = {
				ALWAYS_SEARCH_USER_PATHS = NO;
				CLANG_ANALYZER_NONNULL = YES;
				CLANG_ANALYZER_NUMBER_OBJECT_CONVERSION = YES_AGGRESSIVE;
				CLANG_CXX_LANGUAGE_STANDARD = "gnu++17";
				CLANG_CXX_LIBRARY = "libc++";
				CLANG_ENABLE_MODULES = YES;
				CLANG_ENABLE_OBJC_ARC = YES;
				CLANG_ENABLE_OBJC_WEAK = YES;
				CLANG_WARN_BLOCK_CAPTURE_AUTORELEASING = YES;
				CLANG_WARN_BOOL_CONVERSION = YES;
				CLANG_WARN_COMMA = YES;
				CLANG_WARN_CONSTANT_CONVERSION = YES;
				CLANG_WARN_DEPRECATED_OBJC_IMPLEMENTATIONS = YES;
				CLANG_WARN_DIRECT_OBJC_ISA_USAGE = YES_ERROR;
				CLANG_WARN_DOCUMENTATION_COMMENTS = YES;
				CLANG_WARN_EMPTY_BODY = YES;
				CLANG_WARN_ENUM_CONVERSION = YES;
				CLANG_WARN_INFINITE_RECURSION = YES;
				CLANG_WARN_INT_CONVERSION = YES;
				CLANG_WARN_NON_LITERAL_NULL_CONVERSION = YES;
				CLANG_WARN_OBJC_IMPLICIT_RETAIN_SELF = YES;
				CLANG_WARN_OBJC_LITERAL_CONVERSION = YES;
				CLANG_WARN_OBJC_ROOT_CLASS = YES_ERROR;
				CLANG_WARN_QUOTED_INCLUDE_IN_FRAMEWORK_HEADER = YES;
				CLANG_WARN_RANGE_LOOP_ANALYSIS = YES;
				CLANG_WARN_STRICT_PROTOTYPES = YES;
				CLANG_WARN_SUSPICIOUS_MOVE = YES;
				CLANG_WARN_UNGUARDED_AVAILABILITY = YES_AGGRESSIVE;
				CLANG_WARN_UNREACHABLE_CODE = YES;
				CLANG_WARN__DUPLICATE_METHOD_MATCH = YES;
				COPY_PHASE_STRIP = NO;
				DEBUG_INFORMATION_FORMAT = "dwarf-with-dsym";
				ENABLE_NS_ASSERTIONS = NO;
				ENABLE_STRICT_OBJC_MSGSEND = YES;
				GCC_C_LANGUAGE_STANDARD = gnu11;
				GCC_NO_COMMON_BLOCKS = YES;
				GCC_WARN_64_TO_32_BIT_CONVERSION = YES;
				GCC_WARN_ABOUT_RETURN_TYPE = YES_ERROR;
				GCC_WARN_UNDECLARED_SELECTOR = YES;
				GCC_WARN_UNINITIALIZED_AUTOS = YES_AGGRESSIVE;
				GCC_WARN_UNUSED_FUNCTION = YES;
				GCC_WARN_UNUSED_VARIABLE = YES;
				IPHONEOS_DEPLOYMENT_TARGET = 15.0;
				MTL_ENABLE_DEBUG_INFO = NO;
				MTL_FAST_MATH = YES;
				SDKROOT = iphoneos;
				SWIFT_COMPILATION_MODE = wholemodule;
				SWIFT_OPTIMIZATION_LEVEL = "-O";
				VALIDATE_PRODUCT = YES;
			};
			name = Release;
		};
		397C14C3280BF36600D48E9D /* Debug */ = {
			isa = XCBuildConfiguration;
			baseConfigurationReference = 952DA582B6E09C990BE5047A /* Pods-Podcast.debug.xcconfig */;
			buildSettings = {
				ASSETCATALOG_COMPILER_APPICON_NAME = AppIcon;
				ASSETCATALOG_COMPILER_GLOBAL_ACCENT_COLOR_NAME = AccentColor;
				CLANG_ENABLE_MODULES = YES;
				CODE_SIGN_STYLE = Automatic;
				CURRENT_PROJECT_VERSION = 1;
				DEVELOPMENT_TEAM = H9XHH8AA7H;
				GENERATE_INFOPLIST_FILE = YES;
				INFOPLIST_FILE = Podcast/Info.plist;
				INFOPLIST_KEY_UIApplicationSupportsIndirectInputEvents = YES;
				INFOPLIST_KEY_UILaunchStoryboardName = LaunchScreen;
				INFOPLIST_KEY_UIMainStoryboardFile = Main;
				INFOPLIST_KEY_UISupportedInterfaceOrientations_iPad = "UIInterfaceOrientationPortrait UIInterfaceOrientationPortraitUpsideDown UIInterfaceOrientationLandscapeLeft UIInterfaceOrientationLandscapeRight";
				INFOPLIST_KEY_UISupportedInterfaceOrientations_iPhone = "UIInterfaceOrientationPortrait UIInterfaceOrientationLandscapeLeft UIInterfaceOrientationLandscapeRight";
				LD_RUNPATH_SEARCH_PATHS = (
					"$(inherited)",
					"@executable_path/Frameworks",
				);
				MARKETING_VERSION = 1.0;
				PRODUCT_BUNDLE_IDENTIFIER = dolores.Podcast;
				PRODUCT_NAME = "$(TARGET_NAME)";
				SWIFT_EMIT_LOC_STRINGS = YES;
				SWIFT_OBJC_BRIDGING_HEADER = "Podcast/Model/Podcast-Bridging-Header.h";
				SWIFT_OPTIMIZATION_LEVEL = "-Onone";
				SWIFT_VERSION = 5.0;
				TARGETED_DEVICE_FAMILY = "1,2";
			};
			name = Debug;
		};
		397C14C4280BF36600D48E9D /* Release */ = {
			isa = XCBuildConfiguration;
			baseConfigurationReference = C8F580FE61826708D25F2376 /* Pods-Podcast.release.xcconfig */;
			buildSettings = {
				ASSETCATALOG_COMPILER_APPICON_NAME = AppIcon;
				ASSETCATALOG_COMPILER_GLOBAL_ACCENT_COLOR_NAME = AccentColor;
				CLANG_ENABLE_MODULES = YES;
				CODE_SIGN_STYLE = Automatic;
				CURRENT_PROJECT_VERSION = 1;
				DEVELOPMENT_TEAM = H9XHH8AA7H;
				GENERATE_INFOPLIST_FILE = YES;
				INFOPLIST_FILE = Podcast/Info.plist;
				INFOPLIST_KEY_UIApplicationSupportsIndirectInputEvents = YES;
				INFOPLIST_KEY_UILaunchStoryboardName = LaunchScreen;
				INFOPLIST_KEY_UIMainStoryboardFile = Main;
				INFOPLIST_KEY_UISupportedInterfaceOrientations_iPad = "UIInterfaceOrientationPortrait UIInterfaceOrientationPortraitUpsideDown UIInterfaceOrientationLandscapeLeft UIInterfaceOrientationLandscapeRight";
				INFOPLIST_KEY_UISupportedInterfaceOrientations_iPhone = "UIInterfaceOrientationPortrait UIInterfaceOrientationLandscapeLeft UIInterfaceOrientationLandscapeRight";
				LD_RUNPATH_SEARCH_PATHS = (
					"$(inherited)",
					"@executable_path/Frameworks",
				);
				MARKETING_VERSION = 1.0;
				PRODUCT_BUNDLE_IDENTIFIER = dolores.Podcast;
				PRODUCT_NAME = "$(TARGET_NAME)";
				SWIFT_EMIT_LOC_STRINGS = YES;
				SWIFT_OBJC_BRIDGING_HEADER = "Podcast/Model/Podcast-Bridging-Header.h";
				SWIFT_VERSION = 5.0;
				TARGETED_DEVICE_FAMILY = "1,2";
			};
			name = Release;
		};
/* End XCBuildConfiguration section */

/* Begin XCConfigurationList section */
		397C14A9280BF36200D48E9D /* Build configuration list for PBXProject "Podcast" */ = {
			isa = XCConfigurationList;
			buildConfigurations = (
				397C14C0280BF36600D48E9D /* Debug */,
				397C14C1280BF36600D48E9D /* Release */,
			);
			defaultConfigurationIsVisible = 0;
			defaultConfigurationName = Release;
		};
		397C14C2280BF36600D48E9D /* Build configuration list for PBXNativeTarget "Podcast" */ = {
			isa = XCConfigurationList;
			buildConfigurations = (
				397C14C3280BF36600D48E9D /* Debug */,
				397C14C4280BF36600D48E9D /* Release */,
			);
			defaultConfigurationIsVisible = 0;
			defaultConfigurationName = Release;
		};
/* End XCConfigurationList section */
	};
	rootObject = 397C14A6280BF36200D48E9D /* Project object */;
}
